
Microsoft Visual Studio Solution File, Format Version 12.00
# Visual Studio Version 16
VisualStudioVersion = 16.0.30204.135
MinimumVisualStudioVersion = 10.0.40219.1
Project("{FAE04EC0-301F-11D3-BF4B-00C04F79EFBC}") = "scadastro", "scadastro.csproj", "{97314318-D227-4D0B-A930-86FD9AE58FA6}"
EndProject
Global
	GlobalSection(SolutionConfigurationPlatforms) = preSolution
		Debug|Any CPU = Debug|Any CPU
		Release|Any CPU = Release|Any CPU
	EndGlobalSection
	GlobalSection(ProjectConfigurationPlatforms) = postSolution
		{97314318-D227-4D0B-A930-86FD9AE58FA6}.Debug|Any CPU.ActiveCfg = Debug|Any CPU
		{97314318-D227-4D0B-A930-86FD9AE58FA6}.Debug|Any CPU.Build.0 = Debug|Any CPU
		{97314318-D227-4D0B-A930-86FD9AE58FA6}.Release|Any CPU.ActiveCfg = Release|Any CPU
		{97314318-D227-4D0B-A930-86FD9AE58FA6}.Release|Any CPU.Build.0 = Release|Any CPU
	EndGlobalSection
	GlobalSection(SolutionProperties) = preSolution
		HideSolutionNode = FALSE
	EndGlobalSection
	GlobalSection(ExtensibilityGlobals) = postSolution
		SolutionGuid = {397EA172-A5EF-4402-BE5C-7A5D534EBADD}
	EndGlobalSection
EndGlobal
